
Microsoft Visual Studio Solution File, Format Version 12.00
# Visual Studio Version 17
VisualStudioVersion = 17.5.33530.505
MinimumVisualStudioVersion = 10.0.40219.1
Project("{8BC9CEB8-8B4A-11D0-8D11-00A0C91BC942}") = "Number Guessing Game", "Number Guessing Game\Number Guessing Game.vcxproj", "{769EAB25-AA8C-458A-9501-D42547FE135B}"
EndProject
Global
	GlobalSection(SolutionConfigurationPlatforms) = preSolution
		Debug|x64 = Debug|x64
		Debug|x86 = Debug|x86
		Release|x64 = Release|x64
		Release|x86 = Release|x86
	EndGlobalSection
	GlobalSection(ProjectConfigurationPlatforms) = postSolution
		{769EAB25-AA8C-458A-9501-D42547FE135B}.Debug|x64.ActiveCfg = Debug|x64
		{769EAB25-AA8C-458A-9501-D42547FE135B}.Debug|x64.Build.0 = Debug|x64
		{769EAB25-AA8C-458A-9501-D42547FE135B}.Debug|x86.ActiveCfg = Debug|Win32
		{769EAB25-AA8C-458A-9501-D42547FE135B}.Debug|x86.Build.0 = Debug|Win32
		{769EAB25-AA8C-458A-9501-D42547FE135B}.Release|x64.ActiveCfg = Release|x64
		{769EAB25-AA8C-458A-9501-D42547FE135B}.Release|x64.Build.0 = Release|x64
		{769EAB25-AA8C-458A-9501-D42547FE135B}.Release|x86.ActiveCfg = Release|Win32
		{769EAB25-AA8C-458A-9501-D42547FE135B}.Release|x86.Build.0 = Release|Win32
	EndGlobalSection
	GlobalSection(SolutionProperties) = preSolution
		HideSolutionNode = FALSE
	EndGlobalSection
	GlobalSection(ExtensibilityGlobals) = postSolution
		SolutionGuid = {4AC5EAEB-3F08-486A-BFC7-102C89FFD59B}
	EndGlobalSection
EndGlobal
